
Microsoft Visual Studio Solution File, Format Version 12.00
# Visual Studio Version 17
VisualStudioVersion = 17.2.32616.157
MinimumVisualStudioVersion = 10.0.40219.1
Project("{FAE04EC0-301F-11D3-BF4B-00C04F79EFBC}") = "genasys-test-viewer", "genasys-test-viewer\genasys-test-viewer.csproj", "{8AC6135F-CABF-4B6B-AFBC-4286E0F4294E}"
EndProject
Global
	GlobalSection(SolutionConfigurationPlatforms) = preSolution
		Debug|Any CPU = Debug|Any CPU
		Release|Any CPU = Release|Any CPU
	EndGlobalSection
	GlobalSection(ProjectConfigurationPlatforms) = postSolution
		{8AC6135F-CABF-4B6B-AFBC-4286E0F4294E}.Debug|Any CPU.ActiveCfg = Debug|Any CPU
		{8AC6135F-CABF-4B6B-AFBC-4286E0F4294E}.Debug|Any CPU.Build.0 = Debug|Any CPU
		{8AC6135F-CABF-4B6B-AFBC-4286E0F4294E}.Release|Any CPU.ActiveCfg = Release|Any CPU
		{8AC6135F-CABF-4B6B-AFBC-4286E0F4294E}.Release|Any CPU.Build.0 = Release|Any CPU
	EndGlobalSection
	GlobalSection(SolutionProperties) = preSolution
		HideSolutionNode = FALSE
	EndGlobalSection
	GlobalSection(ExtensibilityGlobals) = postSolution
		SolutionGuid = {8F97808B-EA06-40AE-82C0-B1A50C30FA91}
	EndGlobalSection
EndGlobal
